// !$*UTF8*$!
{
	archiveVersion = 1;
	classes = {
	};
	objectVersion = 56;
	objects = {

/* Begin PBXBuildFile section */
		183D416F2ABC7BB100CA7B3C /* MovieStructTests.swift in Sources */ = {isa = PBXBuildFile; fileRef = 183D416E2ABC7BB100CA7B3C /* MovieStructTests.swift */; };
		183D41712ABC7D0100CA7B3C /* Movie.swift in Sources */ = {isa = PBXBuildFile; fileRef = 183D41702ABC7D0100CA7B3C /* Movie.swift */; };
		183D41772ABC821A00CA7B3C /* MovieManagerTests.swift in Sources */ = {isa = PBXBuildFile; fileRef = 183D41762ABC821A00CA7B3C /* MovieManagerTests.swift */; };
		183D41792ABC83A300CA7B3C /* MovieManager.swift in Sources */ = {isa = PBXBuildFile; fileRef = 183D41782ABC83A300CA7B3C /* MovieManager.swift */; };
		184C510A2ABCA48F00FB46FF /* LibraryViewControllerTests.swift in Sources */ = {isa = PBXBuildFile; fileRef = 184C51092ABCA48F00FB46FF /* LibraryViewControllerTests.swift */; };
		184C510D2ABCA87200FB46FF /* MovieLibraryDataService.swift in Sources */ = {isa = PBXBuildFile; fileRef = 184C510C2ABCA87200FB46FF /* MovieLibraryDataService.swift */; };
		18B399622ABCCEF000BD7132 /* MockExtensions.swift in Sources */ = {isa = PBXBuildFile; fileRef = 18B399612ABCCEF000BD7132 /* MockExtensions.swift */; };
		18B4C5282ABCAE9100892F27 /* MovieLibraryDataServiceTests.swift in Sources */ = {isa = PBXBuildFile; fileRef = 18B4C5272ABCAE9100892F27 /* MovieLibraryDataServiceTests.swift */; };
		18B76E672ABC73E4007A27B3 /* AppDelegate.swift in Sources */ = {isa = PBXBuildFile; fileRef = 18B76E662ABC73E4007A27B3 /* AppDelegate.swift */; };
		18B76E692ABC73E4007A27B3 /* SceneDelegate.swift in Sources */ = {isa = PBXBuildFile; fileRef = 18B76E682ABC73E4007A27B3 /* SceneDelegate.swift */; };
		18B76E6B2ABC73E4007A27B3 /* LibraryViewController.swift in Sources */ = {isa = PBXBuildFile; fileRef = 18B76E6A2ABC73E4007A27B3 /* LibraryViewController.swift */; };
		18B76E6E2ABC73E4007A27B3 /* Main.storyboard in Resources */ = {isa = PBXBuildFile; fileRef = 18B76E6C2ABC73E4007A27B3 /* Main.storyboard */; };
		18B76E702ABC73E6007A27B3 /* Assets.xcassets in Resources */ = {isa = PBXBuildFile; fileRef = 18B76E6F2ABC73E6007A27B3 /* Assets.xcassets */; };
		18B76E732ABC73E6007A27B3 /* LaunchScreen.storyboard in Resources */ = {isa = PBXBuildFile; fileRef = 18B76E712ABC73E6007A27B3 /* LaunchScreen.storyboard */; };
		18DA0EC22ABCC97600C767D7 /* MovieCell.swift in Sources */ = {isa = PBXBuildFile; fileRef = 18DA0EC12ABCC97600C767D7 /* MovieCell.swift */; };
/* End PBXBuildFile section */

/* Begin PBXContainerItemProxy section */
		18B76E7A2ABC73E6007A27B3 /* PBXContainerItemProxy */ = {
			isa = PBXContainerItemProxy;
			containerPortal = 18B76E5B2ABC73E4007A27B3 /* Project object */;
			proxyType = 1;
			remoteGlobalIDString = 18B76E622ABC73E4007A27B3;
			remoteInfo = MovieTracker;
		};
/* End PBXContainerItemProxy section */

/* Begin PBXFileReference section */
		183D416E2ABC7BB100CA7B3C /* MovieStructTests.swift */ = {isa = PBXFileReference; lastKnownFileType = sourcecode.swift; path = MovieStructTests.swift; sourceTree = "<group>"; };
		183D41702ABC7D0100CA7B3C /* Movie.swift */ = {isa = PBXFileReference; lastKnownFileType = sourcecode.swift; path = Movie.swift; sourceTree = "<group>"; };
		183D41762ABC821A00CA7B3C /* MovieManagerTests.swift */ = {isa = PBXFileReference; lastKnownFileType = sourcecode.swift; path = MovieManagerTests.swift; sourceTree = "<group>"; };
		183D41782ABC83A300CA7B3C /* MovieManager.swift */ = {isa = PBXFileReference; lastKnownFileType = sourcecode.swift; path = MovieManager.swift; sourceTree = "<group>"; };
		184C51092ABCA48F00FB46FF /* LibraryViewControllerTests.swift */ = {isa = PBXFileReference; lastKnownFileType = sourcecode.swift; path = LibraryViewControllerTests.swift; sourceTree = "<group>"; };
		184C510C2ABCA87200FB46FF /* MovieLibraryDataService.swift */ = {isa = PBXFileReference; lastKnownFileType = sourcecode.swift; path = MovieLibraryDataService.swift; sourceTree = "<group>"; };
		18B399612ABCCEF000BD7132 /* MockExtensions.swift */ = {isa = PBXFileReference; lastKnownFileType = sourcecode.swift; path = MockExtensions.swift; sourceTree = "<group>"; };
		18B4C5272ABCAE9100892F27 /* MovieLibraryDataServiceTests.swift */ = {isa = PBXFileReference; lastKnownFileType = sourcecode.swift; path = MovieLibraryDataServiceTests.swift; sourceTree = "<group>"; };
		18B76E632ABC73E4007A27B3 /* MovieTracker.app */ = {isa = PBXFileReference; explicitFileType = wrapper.application; includeInIndex = 0; path = MovieTracker.app; sourceTree = BUILT_PRODUCTS_DIR; };
		18B76E662ABC73E4007A27B3 /* AppDelegate.swift */ = {isa = PBXFileReference; lastKnownFileType = sourcecode.swift; path = AppDelegate.swift; sourceTree = "<group>"; };
		18B76E682ABC73E4007A27B3 /* SceneDelegate.swift */ = {isa = PBXFileReference; lastKnownFileType = sourcecode.swift; path = SceneDelegate.swift; sourceTree = "<group>"; };
		18B76E6A2ABC73E4007A27B3 /* LibraryViewController.swift */ = {isa = PBXFileReference; lastKnownFileType = sourcecode.swift; path = LibraryViewController.swift; sourceTree = "<group>"; };
		18B76E6D2ABC73E4007A27B3 /* Base */ = {isa = PBXFileReference; lastKnownFileType = file.storyboard; name = Base; path = Base.lproj/Main.storyboard; sourceTree = "<group>"; };
		18B76E6F2ABC73E6007A27B3 /* Assets.xcassets */ = {isa = PBXFileReference; lastKnownFileType = folder.assetcatalog; path = Assets.xcassets; sourceTree = "<group>"; };
		18B76E722ABC73E6007A27B3 /* Base */ = {isa = PBXFileReference; lastKnownFileType = file.storyboard; name = Base; path = Base.lproj/LaunchScreen.storyboard; sourceTree = "<group>"; };
		18B76E742ABC73E6007A27B3 /* Info.plist */ = {isa = PBXFileReference; lastKnownFileType = text.plist.xml; path = Info.plist; sourceTree = "<group>"; };
		18B76E792ABC73E6007A27B3 /* MovieTrackerTests.xctest */ = {isa = PBXFileReference; explicitFileType = wrapper.cfbundle; includeInIndex = 0; path = MovieTrackerTests.xctest; sourceTree = BUILT_PRODUCTS_DIR; };
		18DA0EC12ABCC97600C767D7 /* MovieCell.swift */ = {isa = PBXFileReference; lastKnownFileType = sourcecode.swift; path = MovieCell.swift; sourceTree = "<group>"; };
/* End PBXFileReference section */

/* Begin PBXFrameworksBuildPhase section */
		18B76E602ABC73E4007A27B3 /* Frameworks */ = {
			isa = PBXFrameworksBuildPhase;
			buildActionMask = 2147483647;
			files = (
			);
			runOnlyForDeploymentPostprocessing = 0;
		};
		18B76E762ABC73E6007A27B3 /* Frameworks */ = {
			isa = PBXFrameworksBuildPhase;
			buildActionMask = 2147483647;
			files = (
			);
			runOnlyForDeploymentPostprocessing = 0;
		};
/* End PBXFrameworksBuildPhase section */

/* Begin PBXGroup section */
		183D41722ABC80E700CA7B3C /* Controllers */ = {
			isa = PBXGroup;
			children = (
				18B76E6A2ABC73E4007A27B3 /* LibraryViewController.swift */,
			);
			path = Controllers;
			sourceTree = "<group>";
		};
		183D41732ABC80FF00CA7B3C /* Models */ = {
			isa = PBXGroup;
			children = (
				183D41702ABC7D0100CA7B3C /* Movie.swift */,
				183D41782ABC83A300CA7B3C /* MovieManager.swift */,
			);
			path = Models;
			sourceTree = "<group>";
		};
		183D41742ABC811400CA7B3C /* Test Models */ = {
			isa = PBXGroup;
			children = (
				183D416E2ABC7BB100CA7B3C /* MovieStructTests.swift */,
				183D41762ABC821A00CA7B3C /* MovieManagerTests.swift */,
			);
			path = "Test Models";
			sourceTree = "<group>";
		};
		183D41752ABC812400CA7B3C /* Test Controllers */ = {
			isa = PBXGroup;
			children = (
				184C51092ABCA48F00FB46FF /* LibraryViewControllerTests.swift */,
			);
			path = "Test Controllers";
			sourceTree = "<group>";
		};
		184C510B2ABCA84F00FB46FF /* Data Service */ = {
			isa = PBXGroup;
			children = (
				184C510C2ABCA87200FB46FF /* MovieLibraryDataService.swift */,
			);
			path = "Data Service";
			sourceTree = "<group>";
		};
		18B399602ABCCEDA00BD7132 /* Mocks */ = {
			isa = PBXGroup;
			children = (
				18B399612ABCCEF000BD7132 /* MockExtensions.swift */,
			);
			path = Mocks;
			sourceTree = "<group>";
		};
		18B4C5262ABCAE4300892F27 /* Test Data Service */ = {
			isa = PBXGroup;
			children = (
				18B4C5272ABCAE9100892F27 /* MovieLibraryDataServiceTests.swift */,
			);
			path = "Test Data Service";
			sourceTree = "<group>";
		};
		18B76E5A2ABC73E4007A27B3 = {
			isa = PBXGroup;
			children = (
				18B76E652ABC73E4007A27B3 /* MovieTracker */,
				18B76E7C2ABC73E6007A27B3 /* MovieTrackerTests */,
				18B76E642ABC73E4007A27B3 /* Products */,
			);
			sourceTree = "<group>";
		};
		18B76E642ABC73E4007A27B3 /* Products */ = {
			isa = PBXGroup;
			children = (
				18B76E632ABC73E4007A27B3 /* MovieTracker.app */,
				18B76E792ABC73E6007A27B3 /* MovieTrackerTests.xctest */,
			);
			name = Products;
			sourceTree = "<group>";
		};
		18B76E652ABC73E4007A27B3 /* MovieTracker */ = {
			isa = PBXGroup;
			children = (
				18DA0EC02ABCC95300C767D7 /* Views */,
				184C510B2ABCA84F00FB46FF /* Data Service */,
				183D41732ABC80FF00CA7B3C /* Models */,
				183D41722ABC80E700CA7B3C /* Controllers */,
				18B76E662ABC73E4007A27B3 /* AppDelegate.swift */,
				18B76E682ABC73E4007A27B3 /* SceneDelegate.swift */,
				18B76E6C2ABC73E4007A27B3 /* Main.storyboard */,
				18B76E6F2ABC73E6007A27B3 /* Assets.xcassets */,
				18B76E712ABC73E6007A27B3 /* LaunchScreen.storyboard */,
				18B76E742ABC73E6007A27B3 /* Info.plist */,
			);
			path = MovieTracker;
			sourceTree = "<group>";
		};
		18B76E7C2ABC73E6007A27B3 /* MovieTrackerTests */ = {
			isa = PBXGroup;
			children = (
				18B399602ABCCEDA00BD7132 /* Mocks */,
				18B4C5262ABCAE4300892F27 /* Test Data Service */,
				183D41752ABC812400CA7B3C /* Test Controllers */,
				183D41742ABC811400CA7B3C /* Test Models */,
			);
			path = MovieTrackerTests;
			sourceTree = "<group>";
		};
		18DA0EC02ABCC95300C767D7 /* Views */ = {
			isa = PBXGroup;
			children = (
				18DA0EC12ABCC97600C767D7 /* MovieCell.swift */,
			);
			path = Views;
			sourceTree = "<group>";
		};
/* End PBXGroup section */

/* Begin PBXNativeTarget section */
		18B76E622ABC73E4007A27B3 /* MovieTracker */ = {
			isa = PBXNativeTarget;
			buildConfigurationList = 18B76E8D2ABC73E6007A27B3 /* Build configuration list for PBXNativeTarget "MovieTracker" */;
			buildPhases = (
				18B76E5F2ABC73E4007A27B3 /* Sources */,
				18B76E602ABC73E4007A27B3 /* Frameworks */,
				18B76E612ABC73E4007A27B3 /* Resources */,
			);
			buildRules = (
			);
			dependencies = (
			);
			name = MovieTracker;
			productName = MovieTracker;
			productReference = 18B76E632ABC73E4007A27B3 /* MovieTracker.app */;
			productType = "com.apple.product-type.application";
		};
		18B76E782ABC73E6007A27B3 /* MovieTrackerTests */ = {
			isa = PBXNativeTarget;
			buildConfigurationList = 18B76E902ABC73E6007A27B3 /* Build configuration list for PBXNativeTarget "MovieTrackerTests" */;
			buildPhases = (
				18B76E752ABC73E6007A27B3 /* Sources */,
				18B76E762ABC73E6007A27B3 /* Frameworks */,
				18B76E772ABC73E6007A27B3 /* Resources */,
			);
			buildRules = (
			);
			dependencies = (
				18B76E7B2ABC73E6007A27B3 /* PBXTargetDependency */,
			);
			name = MovieTrackerTests;
			productName = MovieTrackerTests;
			productReference = 18B76E792ABC73E6007A27B3 /* MovieTrackerTests.xctest */;
			productType = "com.apple.product-type.bundle.unit-test";
		};
/* End PBXNativeTarget section */

/* Begin PBXProject section */
		18B76E5B2ABC73E4007A27B3 /* Project object */ = {
			isa = PBXProject;
			attributes = {
				BuildIndependentTargetsInParallel = 1;
				LastSwiftUpdateCheck = 1430;
				LastUpgradeCheck = 1430;
				TargetAttributes = {
					18B76E622ABC73E4007A27B3 = {
						CreatedOnToolsVersion = 14.3.1;
					};
					18B76E782ABC73E6007A27B3 = {
						CreatedOnToolsVersion = 14.3.1;
						LastSwiftMigration = 1430;
						TestTargetID = 18B76E622ABC73E4007A27B3;
					};
				};
			};
			buildConfigurationList = 18B76E5E2ABC73E4007A27B3 /* Build configuration list for PBXProject "MovieTracker" */;
			compatibilityVersion = "Xcode 14.0";
			developmentRegion = en;
			hasScannedForEncodings = 0;
			knownRegions = (
				en,
				Base,
			);
			mainGroup = 18B76E5A2ABC73E4007A27B3;
			productRefGroup = 18B76E642ABC73E4007A27B3 /* Products */;
			projectDirPath = "";
			projectRoot = "";
			targets = (
				18B76E622ABC73E4007A27B3 /* MovieTracker */,
				18B76E782ABC73E6007A27B3 /* MovieTrackerTests */,
			);
		};
/* End PBXProject section */

/* Begin PBXResourcesBuildPhase section */
		18B76E612ABC73E4007A27B3 /* Resources */ = {
			isa = PBXResourcesBuildPhase;
			buildActionMask = 2147483647;
			files = (
				18B76E732ABC73E6007A27B3 /* LaunchScreen.storyboard in Resources */,
				18B76E702ABC73E6007A27B3 /* Assets.xcassets in Resources */,
				18B76E6E2ABC73E4007A27B3 /* Main.storyboard in Resources */,
			);
			runOnlyForDeploymentPostprocessing = 0;
		};
		18B76E772ABC73E6007A27B3 /* Resources */ = {
			isa = PBXResourcesBuildPhase;
			buildActionMask = 2147483647;
			files = (
			);
			runOnlyForDeploymentPostprocessing = 0;
		};
/* End PBXResourcesBuildPhase section */

/* Begin PBXSourcesBuildPhase section */
		18B76E5F2ABC73E4007A27B3 /* Sources */ = {
			isa = PBXSourcesBuildPhase;
			buildActionMask = 2147483647;
			files = (
				18B76E6B2ABC73E4007A27B3 /* LibraryViewController.swift in Sources */,
				18B76E672ABC73E4007A27B3 /* AppDelegate.swift in Sources */,
				184C510D2ABCA87200FB46FF /* MovieLibraryDataService.swift in Sources */,
				183D41792ABC83A300CA7B3C /* MovieManager.swift in Sources */,
				183D41712ABC7D0100CA7B3C /* Movie.swift in Sources */,
				18DA0EC22ABCC97600C767D7 /* MovieCell.swift in Sources */,
				18B76E692ABC73E4007A27B3 /* SceneDelegate.swift in Sources */,
			);
			runOnlyForDeploymentPostprocessing = 0;
		};
		18B76E752ABC73E6007A27B3 /* Sources */ = {
			isa = PBXSourcesBuildPhase;
			buildActionMask = 2147483647;
			files = (
				18B4C5282ABCAE9100892F27 /* MovieLibraryDataServiceTests.swift in Sources */,
				183D41772ABC821A00CA7B3C /* MovieManagerTests.swift in Sources */,
				183D416F2ABC7BB100CA7B3C /* MovieStructTests.swift in Sources */,
				18B399622ABCCEF000BD7132 /* MockExtensions.swift in Sources */,
				184C510A2ABCA48F00FB46FF /* LibraryViewControllerTests.swift in Sources */,
			);
			runOnlyForDeploymentPostprocessing = 0;
		};
/* End PBXSourcesBuildPhase section */

/* Begin PBXTargetDependency section */
		18B76E7B2ABC73E6007A27B3 /* PBXTargetDependency */ = {
			isa = PBXTargetDependency;
			target = 18B76E622ABC73E4007A27B3 /* MovieTracker */;
			targetProxy = 18B76E7A2ABC73E6007A27B3 /* PBXContainerItemProxy */;
		};
/* End PBXTargetDependency section */

/* Begin PBXVariantGroup section */
		18B76E6C2ABC73E4007A27B3 /* Main.storyboard */ = {
			isa = PBXVariantGroup;
			children = (
				18B76E6D2ABC73E4007A27B3 /* Base */,
			);
			name = Main.storyboard;
			sourceTree = "<group>";
		};
		18B76E712ABC73E6007A27B3 /* LaunchScreen.storyboard */ = {
			isa = PBXVariantGroup;
			children = (
				18B76E722ABC73E6007A27B3 /* Base */,
			);
			name = LaunchScreen.storyboard;
			sourceTree = "<group>";
		};
/* End PBXVariantGroup section */

/* Begin XCBuildConfiguration section */
		18B76E8B2ABC73E6007A27B3 /* Debug */ = {
			isa = XCBuildConfiguration;
			buildSettings = {
				ALWAYS_SEARCH_USER_PATHS = NO;
				CLANG_ANALYZER_NONNULL = YES;
				CLANG_ANALYZER_NUMBER_OBJECT_CONVERSION = YES_AGGRESSIVE;
				CLANG_CXX_LANGUAGE_STANDARD = "gnu++20";
				CLANG_ENABLE_MODULES = YES;
				CLANG_ENABLE_OBJC_ARC = YES;
				CLANG_ENABLE_OBJC_WEAK = YES;
				CLANG_WARN_BLOCK_CAPTURE_AUTORELEASING = YES;
				CLANG_WARN_BOOL_CONVERSION = YES;
				CLANG_WARN_COMMA = YES;
				CLANG_WARN_CONSTANT_CONVERSION = YES;
				CLANG_WARN_DEPRECATED_OBJC_IMPLEMENTATIONS = YES;
				CLANG_WARN_DIRECT_OBJC_ISA_USAGE = YES_ERROR;
				CLANG_WARN_DOCUMENTATION_COMMENTS = YES;
				CLANG_WARN_EMPTY_BODY = YES;
				CLANG_WARN_ENUM_CONVERSION = YES;
				CLANG_WARN_INFINITE_RECURSION = YES;
				CLANG_WARN_INT_CONVERSION = YES;
				CLANG_WARN_NON_LITERAL_NULL_CONVERSION = YES;
				CLANG_WARN_OBJC_IMPLICIT_RETAIN_SELF = YES;
				CLANG_WARN_OBJC_LITERAL_CONVERSION = YES;
				CLANG_WARN_OBJC_ROOT_CLASS = YES_ERROR;
				CLANG_WARN_QUOTED_INCLUDE_IN_FRAMEWORK_HEADER = YES;
				CLANG_WARN_RANGE_LOOP_ANALYSIS = YES;
				CLANG_WARN_STRICT_PROTOTYPES = YES;
				CLANG_WARN_SUSPICIOUS_MOVE = YES;
				CLANG_WARN_UNGUARDED_AVAILABILITY = YES_AGGRESSIVE;
				CLANG_WARN_UNREACHABLE_CODE = YES;
				CLANG_WARN__DUPLICATE_METHOD_MATCH = YES;
				COPY_PHASE_STRIP = NO;
				DEBUG_INFORMATION_FORMAT = dwarf;
				ENABLE_STRICT_OBJC_MSGSEND = YES;
				ENABLE_TESTABILITY = YES;
				GCC_C_LANGUAGE_STANDARD = gnu11;
				GCC_DYNAMIC_NO_PIC = NO;
				GCC_NO_COMMON_BLOCKS = YES;
				GCC_OPTIMIZATION_LEVEL = 0;
				GCC_PREPROCESSOR_DEFINITIONS = (
					"DEBUG=1",
					"$(inherited)",
				);
				GCC_WARN_64_TO_32_BIT_CONVERSION = YES;
				GCC_WARN_ABOUT_RETURN_TYPE = YES_ERROR;
				GCC_WARN_UNDECLARED_SELECTOR = YES;
				GCC_WARN_UNINITIALIZED_AUTOS = YES_AGGRESSIVE;
				GCC_WARN_UNUSED_FUNCTION = YES;
				GCC_WARN_UNUSED_VARIABLE = YES;
				IPHONEOS_DEPLOYMENT_TARGET = 16.4;
				MTL_ENABLE_DEBUG_INFO = INCLUDE_SOURCE;
				MTL_FAST_MATH = YES;
				ONLY_ACTIVE_ARCH = YES;
				SDKROOT = iphoneos;
				SWIFT_ACTIVE_COMPILATION_CONDITIONS = DEBUG;
				SWIFT_OPTIMIZATION_LEVEL = "-Onone";
			};
			name = Debug;
		};
		18B76E8C2ABC73E6007A27B3 /* Release */ = {
			isa = XCBuildConfiguration;
			buildSettings = {
				ALWAYS_SEARCH_USER_PATHS = NO;
				CLANG_ANALYZER_NONNULL = YES;
				CLANG_ANALYZER_NUMBER_OBJECT_CONVERSION = YES_AGGRESSIVE;
				CLANG_CXX_LANGUAGE_STANDARD = "gnu++20";
				CLANG_ENABLE_MODULES = YES;
				CLANG_ENABLE_OBJC_ARC = YES;
				CLANG_ENABLE_OBJC_WEAK = YES;
				CLANG_WARN_BLOCK_CAPTURE_AUTORELEASING = YES;
				CLANG_WARN_BOOL_CONVERSION = YES;
				CLANG_WARN_COMMA = YES;
				CLANG_WARN_CONSTANT_CONVERSION = YES;
				CLANG_WARN_DEPRECATED_OBJC_IMPLEMENTATIONS = YES;
				CLANG_WARN_DIRECT_OBJC_ISA_USAGE = YES_ERROR;
				CLANG_WARN_DOCUMENTATION_COMMENTS = YES;
				CLANG_WARN_EMPTY_BODY = YES;
				CLANG_WARN_ENUM_CONVERSION = YES;
				CLANG_WARN_INFINITE_RECURSION = YES;
				CLANG_WARN_INT_CONVERSION = YES;
				CLANG_WARN_NON_LITERAL_NULL_CONVERSION = YES;
				CLANG_WARN_OBJC_IMPLICIT_RETAIN_SELF = YES;
				CLANG_WARN_OBJC_LITERAL_CONVERSION = YES;
				CLANG_WARN_OBJC_ROOT_CLASS = YES_ERROR;
				CLANG_WARN_QUOTED_INCLUDE_IN_FRAMEWORK_HEADER = YES;
				CLANG_WARN_RANGE_LOOP_ANALYSIS = YES;
				CLANG_WARN_STRICT_PROTOTYPES = YES;
				CLANG_WARN_SUSPICIOUS_MOVE = YES;
				CLANG_WARN_UNGUARDED_AVAILABILITY = YES_AGGRESSIVE;
				CLANG_WARN_UNREACHABLE_CODE = YES;
				CLANG_WARN__DUPLICATE_METHOD_MATCH = YES;
				COPY_PHASE_STRIP = NO;
				DEBUG_INFORMATION_FORMAT = "dwarf-with-dsym";
				ENABLE_NS_ASSERTIONS = NO;
				ENABLE_STRICT_OBJC_MSGSEND = YES;
				GCC_C_LANGUAGE_STANDARD = gnu11;
				GCC_NO_COMMON_BLOCKS = YES;
				GCC_WARN_64_TO_32_BIT_CONVERSION = YES;
				GCC_WARN_ABOUT_RETURN_TYPE = YES_ERROR;
				GCC_WARN_UNDECLARED_SELECTOR = YES;
				GCC_WARN_UNINITIALIZED_AUTOS = YES_AGGRESSIVE;
				GCC_WARN_UNUSED_FUNCTION = YES;
				GCC_WARN_UNUSED_VARIABLE = YES;
				IPHONEOS_DEPLOYMENT_TARGET = 16.4;
				MTL_ENABLE_DEBUG_INFO = NO;
				MTL_FAST_MATH = YES;
				SDKROOT = iphoneos;
				SWIFT_COMPILATION_MODE = wholemodule;
				SWIFT_OPTIMIZATION_LEVEL = "-O";
				VALIDATE_PRODUCT = YES;
			};
			name = Release;
		};
		18B76E8E2ABC73E6007A27B3 /* Debug */ = {
			isa = XCBuildConfiguration;
			buildSettings = {
				ASSETCATALOG_COMPILER_APPICON_NAME = AppIcon;
				ASSETCATALOG_COMPILER_GLOBAL_ACCENT_COLOR_NAME = AccentColor;
				CODE_SIGN_STYLE = Automatic;
				CURRENT_PROJECT_VERSION = 1;
				DEVELOPMENT_TEAM = 98357RG9LD;
				GENERATE_INFOPLIST_FILE = YES;
				INFOPLIST_FILE = MovieTracker/Info.plist;
				INFOPLIST_KEY_UIApplicationSupportsIndirectInputEvents = YES;
				INFOPLIST_KEY_UILaunchStoryboardName = LaunchScreen;
				INFOPLIST_KEY_UIMainStoryboardFile = Main;
				INFOPLIST_KEY_UISupportedInterfaceOrientations_iPad = "UIInterfaceOrientationPortrait UIInterfaceOrientationPortraitUpsideDown UIInterfaceOrientationLandscapeLeft UIInterfaceOrientationLandscapeRight";
				INFOPLIST_KEY_UISupportedInterfaceOrientations_iPhone = "UIInterfaceOrientationPortrait UIInterfaceOrientationLandscapeLeft UIInterfaceOrientationLandscapeRight";
				IPHONEOS_DEPLOYMENT_TARGET = 14.0;
				LD_RUNPATH_SEARCH_PATHS = (
					"$(inherited)",
					"@executable_path/Frameworks",
				);
				MARKETING_VERSION = 1.0;
				PRODUCT_BUNDLE_IDENTIFIER = com.rakotonarivo.MovieTracker;
				PRODUCT_NAME = "$(TARGET_NAME)";
				SWIFT_EMIT_LOC_STRINGS = YES;
				SWIFT_VERSION = 5.0;
				TARGETED_DEVICE_FAMILY = "1,2";
			};
			name = Debug;
		};
		18B76E8F2ABC73E6007A27B3 /* Release */ = {
			isa = XCBuildConfiguration;
			buildSettings = {
				ASSETCATALOG_COMPILER_APPICON_NAME = AppIcon;
				ASSETCATALOG_COMPILER_GLOBAL_ACCENT_COLOR_NAME = AccentColor;
				CODE_SIGN_STYLE = Automatic;
				CURRENT_PROJECT_VERSION = 1;
				DEVELOPMENT_TEAM = 98357RG9LD;
				GENERATE_INFOPLIST_FILE = YES;
				INFOPLIST_FILE = MovieTracker/Info.plist;
				INFOPLIST_KEY_UIApplicationSupportsIndirectInputEvents = YES;
				INFOPLIST_KEY_UILaunchStoryboardName = LaunchScreen;
				INFOPLIST_KEY_UIMainStoryboardFile = Main;
				INFOPLIST_KEY_UISupportedInterfaceOrientations_iPad = "UIInterfaceOrientationPortrait UIInterfaceOrientationPortraitUpsideDown UIInterfaceOrientationLandscapeLeft UIInterfaceOrientationLandscapeRight";
				INFOPLIST_KEY_UISupportedInterfaceOrientations_iPhone = "UIInterfaceOrientationPortrait UIInterfaceOrientationLandscapeLeft UIInterfaceOrientationLandscapeRight";
				IPHONEOS_DEPLOYMENT_TARGET = 14.0;
				LD_RUNPATH_SEARCH_PATHS = (
					"$(inherited)",
					"@executable_path/Frameworks",
				);
				MARKETING_VERSION = 1.0;
				PRODUCT_BUNDLE_IDENTIFIER = com.rakotonarivo.MovieTracker;
				PRODUCT_NAME = "$(TARGET_NAME)";
				SWIFT_EMIT_LOC_STRINGS = YES;
				SWIFT_VERSION = 5.0;
				TARGETED_DEVICE_FAMILY = "1,2";
			};
			name = Release;
		};
		18B76E912ABC73E6007A27B3 /* Debug */ = {
			isa = XCBuildConfiguration;
			buildSettings = {
				ALWAYS_EMBED_SWIFT_STANDARD_LIBRARIES = YES;
				BUNDLE_LOADER = "$(TEST_HOST)";
				CLANG_ENABLE_MODULES = YES;
				CODE_SIGN_STYLE = Automatic;
				CURRENT_PROJECT_VERSION = 1;
				DEVELOPMENT_TEAM = 98357RG9LD;
				GENERATE_INFOPLIST_FILE = YES;
				IPHONEOS_DEPLOYMENT_TARGET = 16.4;
				MARKETING_VERSION = 1.0;
				PRODUCT_BUNDLE_IDENTIFIER = com.rakotonarivo.MovieTrackerTests;
				PRODUCT_NAME = "$(TARGET_NAME)";
				SWIFT_EMIT_LOC_STRINGS = NO;
				SWIFT_OPTIMIZATION_LEVEL = "-Onone";
				SWIFT_VERSION = 5.0;
				TARGETED_DEVICE_FAMILY = "1,2";
				TEST_HOST = "$(BUILT_PRODUCTS_DIR)/MovieTracker.app/$(BUNDLE_EXECUTABLE_FOLDER_PATH)/MovieTracker";
			};
			name = Debug;
		};
		18B76E922ABC73E6007A27B3 /* Release */ = {
			isa = XCBuildConfiguration;
			buildSettings = {
				ALWAYS_EMBED_SWIFT_STANDARD_LIBRARIES = YES;
				BUNDLE_LOADER = "$(TEST_HOST)";
				CLANG_ENABLE_MODULES = YES;
				CODE_SIGN_STYLE = Automatic;
				CURRENT_PROJECT_VERSION = 1;
				DEVELOPMENT_TEAM = 98357RG9LD;
				GENERATE_INFOPLIST_FILE = YES;
				IPHONEOS_DEPLOYMENT_TARGET = 16.4;
				MARKETING_VERSION = 1.0;
				PRODUCT_BUNDLE_IDENTIFIER = com.rakotonarivo.MovieTrackerTests;
				PRODUCT_NAME = "$(TARGET_NAME)";
				SWIFT_EMIT_LOC_STRINGS = NO;
				SWIFT_VERSION = 5.0;
				TARGETED_DEVICE_FAMILY = "1,2";
				TEST_HOST = "$(BUILT_PRODUCTS_DIR)/MovieTracker.app/$(BUNDLE_EXECUTABLE_FOLDER_PATH)/MovieTracker";
			};
			name = Release;
		};
/* End XCBuildConfiguration section */

/* Begin XCConfigurationList section */
		18B76E5E2ABC73E4007A27B3 /* Build configuration list for PBXProject "MovieTracker" */ = {
			isa = XCConfigurationList;
			buildConfigurations = (
				18B76E8B2ABC73E6007A27B3 /* Debug */,
				18B76E8C2ABC73E6007A27B3 /* Release */,
			);
			defaultConfigurationIsVisible = 0;
			defaultConfigurationName = Release;
		};
		18B76E8D2ABC73E6007A27B3 /* Build configuration list for PBXNativeTarget "MovieTracker" */ = {
			isa = XCConfigurationList;
			buildConfigurations = (
				18B76E8E2ABC73E6007A27B3 /* Debug */,
				18B76E8F2ABC73E6007A27B3 /* Release */,
			);
			defaultConfigurationIsVisible = 0;
			defaultConfigurationName = Release;
		};
		18B76E902ABC73E6007A27B3 /* Build configuration list for PBXNativeTarget "MovieTrackerTests" */ = {
			isa = XCConfigurationList;
			buildConfigurations = (
				18B76E912ABC73E6007A27B3 /* Debug */,
				18B76E922ABC73E6007A27B3 /* Release */,
			);
			defaultConfigurationIsVisible = 0;
			defaultConfigurationName = Release;
		};
/* End XCConfigurationList section */
	};
	rootObject = 18B76E5B2ABC73E4007A27B3 /* Project object */;
}
